
Microsoft Visual Studio Solution File, Format Version 12.00
# Visual Studio Version 17
VisualStudioVersion = 17.14.36221.1 d17.14
MinimumVisualStudioVersion = 10.0.40219.1
Project("{FAE04EC0-301F-11D3-BF4B-00C04F79EFBC}") = "McvMovie", "McvMovie.csproj", "{10FB6381-A94A-4014-ADF4-776E4EC8CAD3}"
EndProject
Global
	GlobalSection(SolutionConfigurationPlatforms) = preSolution
		Debug|Any CPU = Debug|Any CPU
		Release|Any CPU = Release|Any CPU
	EndGlobalSection
	GlobalSection(ProjectConfigurationPlatforms) = postSolution
		{10FB6381-A94A-4014-ADF4-776E4EC8CAD3}.Debug|Any CPU.ActiveCfg = Debug|Any CPU
		{10FB6381-A94A-4014-ADF4-776E4EC8CAD3}.Debug|Any CPU.Build.0 = Debug|Any CPU
		{10FB6381-A94A-4014-ADF4-776E4EC8CAD3}.Release|Any CPU.ActiveCfg = Release|Any CPU
		{10FB6381-A94A-4014-ADF4-776E4EC8CAD3}.Release|Any CPU.Build.0 = Release|Any CPU
	EndGlobalSection
	GlobalSection(SolutionProperties) = preSolution
		HideSolutionNode = FALSE
	EndGlobalSection
	GlobalSection(ExtensibilityGlobals) = postSolution
		SolutionGuid = {7E1EF078-DD99-4DE0-A61E-BD8D70F6A248}
	EndGlobalSection
EndGlobal
